# THIS IS AN AUTOGENERATED FILE. DO NOT EDIT THIS FILE DIRECTLY.
# yarn lockfile v1


"@types/node@>=8.0.0 <15":
  version "14.14.25"
  resolved "https://registry.yarnpkg.com/@types/node/-/node-14.14.25.tgz#15967a7b577ff81383f9b888aa6705d43fbbae93"
  integrity sha512-EPpXLOVqDvisVxtlbvzfyqSsFeQxltFbluZNRndIb8tr9KiBnYNLzrc1N3pyKUCww2RNrfHDViqDWWE1LCJQtQ==

abort-controller@^3.0.0:
  version "3.0.0"
  resolved "https://registry.yarnpkg.com/abort-controller/-/abort-controller-3.0.0.tgz#eaf54d53b62bae4138e809ca225c8439a6efb392"
  integrity sha512-h8lQ8tacZYnR3vNQTgibj+tODHI5/+l06Au2Pcriv/Gmet0eaj4TwWH41sO9wnHDiQsEj19q0drzdWdeAHtweg==
  dependencies:
    event-target-shim "^5.0.0"

abortcontroller-polyfill@^1.4.0:
  version "1.7.1"
  resolved "https://registry.yarnpkg.com/abortcontroller-polyfill/-/abortcontroller-polyfill-1.7.1.tgz#27084bac87d78a7224c8ee78135d05df430c2d2f"
  integrity sha512-yml9NiDEH4M4p0G4AcPkg8AAa4mF3nfYF28VQxaokpO67j9H7gWgmsVWJ/f1Rn+PzsnDYvzJzWIQzCqDKRvWlA==

airtable@^0.10.1:
  version "0.10.1"
  resolved "https://registry.yarnpkg.com/airtable/-/airtable-0.10.1.tgz#0b311002bb44b39f19bf7c4bd2d47d75c733bf87"
  integrity sha512-obFW+R3ly2mKtCj0D/xto0ggUvYwdM0RJT3VJ9wvgqoxDkzqg2mNtkuTNfYjF6wWQA0GvoHG9guqzgBBqFjItw==
  dependencies:
    "@types/node" ">=8.0.0 <15"
    abort-controller "^3.0.0"
    abortcontroller-polyfill "^1.4.0"
    lodash "^4.17.19"
    node-fetch "^2.6.1"

commander@^7.0.0:
  version "7.0.0"
  resolved "https://registry.yarnpkg.com/commander/-/commander-7.0.0.tgz#3e2bbfd8bb6724760980988fb5b22b7ee6b71ab2"
  integrity sha512-ovx/7NkTrnPuIV8sqk/GjUIIM1+iUQeqA3ye2VNpq9sVoiZsooObWlQy+OPWGI17GDaEoybuAGJm6U8yC077BA==

dot-env@^0.0.1:
  version "0.0.1"
  resolved "https://registry.yarnpkg.com/dot-env/-/dot-env-0.0.1.tgz#e4434cb8c69143e445bc28a729437e4fabd88c80"
  integrity sha1-5ENMuMaRQ+RFvCinKUN+T6vYjIA=

dotenv@^8.2.0:
  version "8.2.0"
  resolved "https://registry.yarnpkg.com/dotenv/-/dotenv-8.2.0.tgz#97e619259ada750eea3e4ea3e26bceea5424b16a"
  integrity sha512-8sJ78ElpbDJBHNeBzUbUVLsqKdccaa/BXF1uPTw3GrvQTBgrQrtObr2mUrE38vzYd8cEv+m/JBfDLioYcfXoaw==

event-target-shim@^5.0.0:
  version "5.0.1"
  resolved "https://registry.yarnpkg.com/event-target-shim/-/event-target-shim-5.0.1.tgz#5d4d3ebdf9583d63a5333ce2deb7480ab2b05789"
  integrity sha512-i/2XbnSz/uxRCU6+NdVJgKWDTM427+MqYbkQzD321DuCQJUqOuJKIA0IM2+W2xtYHdKOmZ4dR6fExsd4SXL+WQ==

lodash@^4.17.19:
  version "4.17.20"
  resolved "https://registry.yarnpkg.com/lodash/-/lodash-4.17.20.tgz#b44a9b6297bcb698f1c51a3545a2b3b368d59c52"
  integrity sha512-PlhdFcillOINfeV7Ni6oF1TAEayyZBoZ8bcshTHqOYJYlrqzRK5hagpagky5o4HfCzzd1TRkXPMFq6cKk9rGmA==

node-fetch@^2.6.1:
  version "2.6.1"
  resolved "https://registry.yarnpkg.com/node-fetch/-/node-fetch-2.6.1.tgz#045bd323631f76ed2e2b55573394416b639a0052"
  integrity sha512-V4aYg89jEoVRxRb2fJdAg8FHvI7cEyYdVAh94HH0UIK8oJxUfkjlDQN9RbMx+bEjP7+ggMiFRprSti032Oipxw==
